
Microsoft Visual Studio Solution File, Format Version 12.00
# Visual Studio Version 17
VisualStudioVersion = 17.6.33815.320
MinimumVisualStudioVersion = 10.0.40219.1
Project("{FAE04EC0-301F-11D3-BF4B-00C04F79EFBC}") = "CommanderGQL", "CommanderGQL\CommanderGQL.csproj", "{76349D08-05BA-4A58-AD08-FFF8FAAF6029}"
EndProject
Global
	GlobalSection(SolutionConfigurationPlatforms) = preSolution
		Debug|Any CPU = Debug|Any CPU
		Release|Any CPU = Release|Any CPU
	EndGlobalSection
	GlobalSection(ProjectConfigurationPlatforms) = postSolution
		{76349D08-05BA-4A58-AD08-FFF8FAAF6029}.Debug|Any CPU.ActiveCfg = Debug|Any CPU
		{76349D08-05BA-4A58-AD08-FFF8FAAF6029}.Debug|Any CPU.Build.0 = Debug|Any CPU
		{76349D08-05BA-4A58-AD08-FFF8FAAF6029}.Release|Any CPU.ActiveCfg = Release|Any CPU
		{76349D08-05BA-4A58-AD08-FFF8FAAF6029}.Release|Any CPU.Build.0 = Release|Any CPU
	EndGlobalSection
	GlobalSection(SolutionProperties) = preSolution
		HideSolutionNode = FALSE
	EndGlobalSection
	GlobalSection(ExtensibilityGlobals) = postSolution
		SolutionGuid = {EB9527A1-FA15-4C72-A93A-0E52446B1DD2}
	EndGlobalSection
EndGlobal
